// !$*UTF8*$!
{
	archiveVersion = 1;
	classes = {
	};
	objectVersion = 56;
	objects = {

/* Begin PBXBuildFile section */
		F27FCC542A8A1B1A0036DF31 /* l6_p2App.swift in Sources */ = {isa = PBXBuildFile; fileRef = F27FCC532A8A1B1A0036DF31 /* l6_p2App.swift */; };
		F27FCC562A8A1B1A0036DF31 /* ContentView.swift in Sources */ = {isa = PBXBuildFile; fileRef = F27FCC552A8A1B1A0036DF31 /* ContentView.swift */; };
		F27FCC582A8A1B1D0036DF31 /* Assets.xcassets in Resources */ = {isa = PBXBuildFile; fileRef = F27FCC572A8A1B1D0036DF31 /* Assets.xcassets */; };
		F27FCC5B2A8A1B1D0036DF31 /* Preview Assets.xcassets in Resources */ = {isa = PBXBuildFile; fileRef = F27FCC5A2A8A1B1D0036DF31 /* Preview Assets.xcassets */; };
		F27FCC652A8A1B1D0036DF31 /* l6_p2Tests.swift in Sources */ = {isa = PBXBuildFile; fileRef = F27FCC642A8A1B1D0036DF31 /* l6_p2Tests.swift */; };
		F27FCC6F2A8A1B1D0036DF31 /* l6_p2UITests.swift in Sources */ = {isa = PBXBuildFile; fileRef = F27FCC6E2A8A1B1D0036DF31 /* l6_p2UITests.swift */; };
		F27FCC712A8A1B1D0036DF31 /* l6_p2UITestsLaunchTests.swift in Sources */ = {isa = PBXBuildFile; fileRef = F27FCC702A8A1B1D0036DF31 /* l6_p2UITestsLaunchTests.swift */; };
		F27FCC7E2A8A1CA40036DF31 /* DetailView.swift in Sources */ = {isa = PBXBuildFile; fileRef = F27FCC7D2A8A1CA40036DF31 /* DetailView.swift */; };
		F27FCC802A8A27230036DF31 /* DetailView 2.swift in Sources */ = {isa = PBXBuildFile; fileRef = F27FCC7F2A8A27230036DF31 /* DetailView 2.swift */; };
		F27FCC822A8A27F30036DF31 /* DetailView2.swift in Sources */ = {isa = PBXBuildFile; fileRef = F27FCC812A8A27F30036DF31 /* DetailView2.swift */; };
		F27FCC842A8A295C0036DF31 /* SwiftUIView.swift in Sources */ = {isa = PBXBuildFile; fileRef = F27FCC832A8A295C0036DF31 /* SwiftUIView.swift */; };
/* End PBXBuildFile section */

/* Begin PBXContainerItemProxy section */
		F27FCC612A8A1B1D0036DF31 /* PBXContainerItemProxy */ = {
			isa = PBXContainerItemProxy;
			containerPortal = F27FCC482A8A1B1A0036DF31 /* Project object */;
			proxyType = 1;
			remoteGlobalIDString = F27FCC4F2A8A1B1A0036DF31;
			remoteInfo = "l6 p2";
		};
		F27FCC6B2A8A1B1D0036DF31 /* PBXContainerItemProxy */ = {
			isa = PBXContainerItemProxy;
			containerPortal = F27FCC482A8A1B1A0036DF31 /* Project object */;
			proxyType = 1;
			remoteGlobalIDString = F27FCC4F2A8A1B1A0036DF31;
			remoteInfo = "l6 p2";
		};
/* End PBXContainerItemProxy section */

/* Begin PBXFileReference section */
		F27FCC502A8A1B1A0036DF31 /* l6 p2.app */ = {isa = PBXFileReference; explicitFileType = wrapper.application; includeInIndex = 0; path = "l6 p2.app"; sourceTree = BUILT_PRODUCTS_DIR; };
		F27FCC532A8A1B1A0036DF31 /* l6_p2App.swift */ = {isa = PBXFileReference; lastKnownFileType = sourcecode.swift; path = l6_p2App.swift; sourceTree = "<group>"; };
		F27FCC552A8A1B1A0036DF31 /* ContentView.swift */ = {isa = PBXFileReference; lastKnownFileType = sourcecode.swift; path = ContentView.swift; sourceTree = "<group>"; };
		F27FCC572A8A1B1D0036DF31 /* Assets.xcassets */ = {isa = PBXFileReference; lastKnownFileType = folder.assetcatalog; path = Assets.xcassets; sourceTree = "<group>"; };
		F27FCC5A2A8A1B1D0036DF31 /* Preview Assets.xcassets */ = {isa = PBXFileReference; lastKnownFileType = folder.assetcatalog; path = "Preview Assets.xcassets"; sourceTree = "<group>"; };
		F27FCC602A8A1B1D0036DF31 /* l6 p2Tests.xctest */ = {isa = PBXFileReference; explicitFileType = wrapper.cfbundle; includeInIndex = 0; path = "l6 p2Tests.xctest"; sourceTree = BUILT_PRODUCTS_DIR; };
		F27FCC642A8A1B1D0036DF31 /* l6_p2Tests.swift */ = {isa = PBXFileReference; lastKnownFileType = sourcecode.swift; path = l6_p2Tests.swift; sourceTree = "<group>"; };
		F27FCC6A2A8A1B1D0036DF31 /* l6 p2UITests.xctest */ = {isa = PBXFileReference; explicitFileType = wrapper.cfbundle; includeInIndex = 0; path = "l6 p2UITests.xctest"; sourceTree = BUILT_PRODUCTS_DIR; };
		F27FCC6E2A8A1B1D0036DF31 /* l6_p2UITests.swift */ = {isa = PBXFileReference; lastKnownFileType = sourcecode.swift; path = l6_p2UITests.swift; sourceTree = "<group>"; };
		F27FCC702A8A1B1D0036DF31 /* l6_p2UITestsLaunchTests.swift */ = {isa = PBXFileReference; lastKnownFileType = sourcecode.swift; path = l6_p2UITestsLaunchTests.swift; sourceTree = "<group>"; };
		F27FCC7D2A8A1CA40036DF31 /* DetailView.swift */ = {isa = PBXFileReference; lastKnownFileType = sourcecode.swift; path = DetailView.swift; sourceTree = "<group>"; };
		F27FCC7F2A8A27230036DF31 /* DetailView 2.swift */ = {isa = PBXFileReference; lastKnownFileType = sourcecode.swift; path = "DetailView 2.swift"; sourceTree = "<group>"; };
		F27FCC812A8A27F30036DF31 /* DetailView2.swift */ = {isa = PBXFileReference; lastKnownFileType = sourcecode.swift; path = DetailView2.swift; sourceTree = "<group>"; };
		F27FCC832A8A295C0036DF31 /* SwiftUIView.swift */ = {isa = PBXFileReference; lastKnownFileType = sourcecode.swift; path = SwiftUIView.swift; sourceTree = "<group>"; };
/* End PBXFileReference section */

/* Begin PBXFrameworksBuildPhase section */
		F27FCC4D2A8A1B1A0036DF31 /* Frameworks */ = {
			isa = PBXFrameworksBuildPhase;
			buildActionMask = 2147483647;
			files = (
			);
			runOnlyForDeploymentPostprocessing = 0;
		};
		F27FCC5D2A8A1B1D0036DF31 /* Frameworks */ = {
			isa = PBXFrameworksBuildPhase;
			buildActionMask = 2147483647;
			files = (
			);
			runOnlyForDeploymentPostprocessing = 0;
		};
		F27FCC672A8A1B1D0036DF31 /* Frameworks */ = {
			isa = PBXFrameworksBuildPhase;
			buildActionMask = 2147483647;
			files = (
			);
			runOnlyForDeploymentPostprocessing = 0;
		};
/* End PBXFrameworksBuildPhase section */

/* Begin PBXGroup section */
		F27FCC472A8A1B1A0036DF31 = {
			isa = PBXGroup;
			children = (
				F27FCC522A8A1B1A0036DF31 /* l6 p2 */,
				F27FCC632A8A1B1D0036DF31 /* l6 p2Tests */,
				F27FCC6D2A8A1B1D0036DF31 /* l6 p2UITests */,
				F27FCC512A8A1B1A0036DF31 /* Products */,
			);
			sourceTree = "<group>";
		};
		F27FCC512A8A1B1A0036DF31 /* Products */ = {
			isa = PBXGroup;
			children = (
				F27FCC502A8A1B1A0036DF31 /* l6 p2.app */,
				F27FCC602A8A1B1D0036DF31 /* l6 p2Tests.xctest */,
				F27FCC6A2A8A1B1D0036DF31 /* l6 p2UITests.xctest */,
			);
			name = Products;
			sourceTree = "<group>";
		};
		F27FCC522A8A1B1A0036DF31 /* l6 p2 */ = {
			isa = PBXGroup;
			children = (
				F27FCC532A8A1B1A0036DF31 /* l6_p2App.swift */,
				F27FCC552A8A1B1A0036DF31 /* ContentView.swift */,
				F27FCC7F2A8A27230036DF31 /* DetailView 2.swift */,
				F27FCC7D2A8A1CA40036DF31 /* DetailView.swift */,
				F27FCC832A8A295C0036DF31 /* SwiftUIView.swift */,
				F27FCC812A8A27F30036DF31 /* DetailView2.swift */,
				F27FCC572A8A1B1D0036DF31 /* Assets.xcassets */,
				F27FCC592A8A1B1D0036DF31 /* Preview Content */,
			);
			path = "l6 p2";
			sourceTree = "<group>";
		};
		F27FCC592A8A1B1D0036DF31 /* Preview Content */ = {
			isa = PBXGroup;
			children = (
				F27FCC5A2A8A1B1D0036DF31 /* Preview Assets.xcassets */,
			);
			path = "Preview Content";
			sourceTree = "<group>";
		};
		F27FCC632A8A1B1D0036DF31 /* l6 p2Tests */ = {
			isa = PBXGroup;
			children = (
				F27FCC642A8A1B1D0036DF31 /* l6_p2Tests.swift */,
			);
			path = "l6 p2Tests";
			sourceTree = "<group>";
		};
		F27FCC6D2A8A1B1D0036DF31 /* l6 p2UITests */ = {
			isa = PBXGroup;
			children = (
				F27FCC6E2A8A1B1D0036DF31 /* l6_p2UITests.swift */,
				F27FCC702A8A1B1D0036DF31 /* l6_p2UITestsLaunchTests.swift */,
			);
			path = "l6 p2UITests";
			sourceTree = "<group>";
		};
/* End PBXGroup section */

/* Begin PBXNativeTarget section */
		F27FCC4F2A8A1B1A0036DF31 /* l6 p2 */ = {
			isa = PBXNativeTarget;
			buildConfigurationList = F27FCC742A8A1B1D0036DF31 /* Build configuration list for PBXNativeTarget "l6 p2" */;
			buildPhases = (
				F27FCC4C2A8A1B1A0036DF31 /* Sources */,
				F27FCC4D2A8A1B1A0036DF31 /* Frameworks */,
				F27FCC4E2A8A1B1A0036DF31 /* Resources */,
			);
			buildRules = (
			);
			dependencies = (
			);
			name = "l6 p2";
			productName = "l6 p2";
			productReference = F27FCC502A8A1B1A0036DF31 /* l6 p2.app */;
			productType = "com.apple.product-type.application";
		};
		F27FCC5F2A8A1B1D0036DF31 /* l6 p2Tests */ = {
			isa = PBXNativeTarget;
			buildConfigurationList = F27FCC772A8A1B1D0036DF31 /* Build configuration list for PBXNativeTarget "l6 p2Tests" */;
			buildPhases = (
				F27FCC5C2A8A1B1D0036DF31 /* Sources */,
				F27FCC5D2A8A1B1D0036DF31 /* Frameworks */,
				F27FCC5E2A8A1B1D0036DF31 /* Resources */,
			);
			buildRules = (
			);
			dependencies = (
				F27FCC622A8A1B1D0036DF31 /* PBXTargetDependency */,
			);
			name = "l6 p2Tests";
			productName = "l6 p2Tests";
			productReference = F27FCC602A8A1B1D0036DF31 /* l6 p2Tests.xctest */;
			productType = "com.apple.product-type.bundle.unit-test";
		};
		F27FCC692A8A1B1D0036DF31 /* l6 p2UITests */ = {
			isa = PBXNativeTarget;
			buildConfigurationList = F27FCC7A2A8A1B1D0036DF31 /* Build configuration list for PBXNativeTarget "l6 p2UITests" */;
			buildPhases = (
				F27FCC662A8A1B1D0036DF31 /* Sources */,
				F27FCC672A8A1B1D0036DF31 /* Frameworks */,
				F27FCC682A8A1B1D0036DF31 /* Resources */,
			);
			buildRules = (
			);
			dependencies = (
				F27FCC6C2A8A1B1D0036DF31 /* PBXTargetDependency */,
			);
			name = "l6 p2UITests";
			productName = "l6 p2UITests";
			productReference = F27FCC6A2A8A1B1D0036DF31 /* l6 p2UITests.xctest */;
			productType = "com.apple.product-type.bundle.ui-testing";
		};
/* End PBXNativeTarget section */

/* Begin PBXProject section */
		F27FCC482A8A1B1A0036DF31 /* Project object */ = {
			isa = PBXProject;
			attributes = {
				BuildIndependentTargetsInParallel = 1;
				LastSwiftUpdateCheck = 1430;
				LastUpgradeCheck = 1430;
				TargetAttributes = {
					F27FCC4F2A8A1B1A0036DF31 = {
						CreatedOnToolsVersion = 14.3.1;
					};
					F27FCC5F2A8A1B1D0036DF31 = {
						CreatedOnToolsVersion = 14.3.1;
						TestTargetID = F27FCC4F2A8A1B1A0036DF31;
					};
					F27FCC692A8A1B1D0036DF31 = {
						CreatedOnToolsVersion = 14.3.1;
						TestTargetID = F27FCC4F2A8A1B1A0036DF31;
					};
				};
			};
			buildConfigurationList = F27FCC4B2A8A1B1A0036DF31 /* Build configuration list for PBXProject "l6 p2" */;
			compatibilityVersion = "Xcode 14.0";
			developmentRegion = en;
			hasScannedForEncodings = 0;
			knownRegions = (
				en,
				Base,
			);
			mainGroup = F27FCC472A8A1B1A0036DF31;
			productRefGroup = F27FCC512A8A1B1A0036DF31 /* Products */;
			projectDirPath = "";
			projectRoot = "";
			targets = (
				F27FCC4F2A8A1B1A0036DF31 /* l6 p2 */,
				F27FCC5F2A8A1B1D0036DF31 /* l6 p2Tests */,
				F27FCC692A8A1B1D0036DF31 /* l6 p2UITests */,
			);
		};
/* End PBXProject section */

/* Begin PBXResourcesBuildPhase section */
		F27FCC4E2A8A1B1A0036DF31 /* Resources */ = {
			isa = PBXResourcesBuildPhase;
			buildActionMask = 2147483647;
			files = (
				F27FCC5B2A8A1B1D0036DF31 /* Preview Assets.xcassets in Resources */,
				F27FCC582A8A1B1D0036DF31 /* Assets.xcassets in Resources */,
			);
			runOnlyForDeploymentPostprocessing = 0;
		};
		F27FCC5E2A8A1B1D0036DF31 /* Resources */ = {
			isa = PBXResourcesBuildPhase;
			buildActionMask = 2147483647;
			files = (
			);
			runOnlyForDeploymentPostprocessing = 0;
		};
		F27FCC682A8A1B1D0036DF31 /* Resources */ = {
			isa = PBXResourcesBuildPhase;
			buildActionMask = 2147483647;
			files = (
			);
			runOnlyForDeploymentPostprocessing = 0;
		};
/* End PBXResourcesBuildPhase section */

/* Begin PBXSourcesBuildPhase section */
		F27FCC4C2A8A1B1A0036DF31 /* Sources */ = {
			isa = PBXSourcesBuildPhase;
			buildActionMask = 2147483647;
			files = (
				F27FCC562A8A1B1A0036DF31 /* ContentView.swift in Sources */,
				F27FCC802A8A27230036DF31 /* DetailView 2.swift in Sources */,
				F27FCC842A8A295C0036DF31 /* SwiftUIView.swift in Sources */,
				F27FCC7E2A8A1CA40036DF31 /* DetailView.swift in Sources */,
				F27FCC822A8A27F30036DF31 /* DetailView2.swift in Sources */,
				F27FCC542A8A1B1A0036DF31 /* l6_p2App.swift in Sources */,
			);
			runOnlyForDeploymentPostprocessing = 0;
		};
		F27FCC5C2A8A1B1D0036DF31 /* Sources */ = {
			isa = PBXSourcesBuildPhase;
			buildActionMask = 2147483647;
			files = (
				F27FCC652A8A1B1D0036DF31 /* l6_p2Tests.swift in Sources */,
			);
			runOnlyForDeploymentPostprocessing = 0;
		};
		F27FCC662A8A1B1D0036DF31 /* Sources */ = {
			isa = PBXSourcesBuildPhase;
			buildActionMask = 2147483647;
			files = (
				F27FCC712A8A1B1D0036DF31 /* l6_p2UITestsLaunchTests.swift in Sources */,
				F27FCC6F2A8A1B1D0036DF31 /* l6_p2UITests.swift in Sources */,
			);
			runOnlyForDeploymentPostprocessing = 0;
		};
/* End PBXSourcesBuildPhase section */

/* Begin PBXTargetDependency section */
		F27FCC622A8A1B1D0036DF31 /* PBXTargetDependency */ = {
			isa = PBXTargetDependency;
			target = F27FCC4F2A8A1B1A0036DF31 /* l6 p2 */;
			targetProxy = F27FCC612A8A1B1D0036DF31 /* PBXContainerItemProxy */;
		};
		F27FCC6C2A8A1B1D0036DF31 /* PBXTargetDependency */ = {
			isa = PBXTargetDependency;
			target = F27FCC4F2A8A1B1A0036DF31 /* l6 p2 */;
			targetProxy = F27FCC6B2A8A1B1D0036DF31 /* PBXContainerItemProxy */;
		};
/* End PBXTargetDependency section */

/* Begin XCBuildConfiguration section */
		F27FCC722A8A1B1D0036DF31 /* Debug */ = {
			isa = XCBuildConfiguration;
			buildSettings = {
				ALWAYS_SEARCH_USER_PATHS = NO;
				CLANG_ANALYZER_NONNULL = YES;
				CLANG_ANALYZER_NUMBER_OBJECT_CONVERSION = YES_AGGRESSIVE;
				CLANG_CXX_LANGUAGE_STANDARD = "gnu++20";
				CLANG_ENABLE_MODULES = YES;
				CLANG_ENABLE_OBJC_ARC = YES;
				CLANG_ENABLE_OBJC_WEAK = YES;
				CLANG_WARN_BLOCK_CAPTURE_AUTORELEASING = YES;
				CLANG_WARN_BOOL_CONVERSION = YES;
				CLANG_WARN_COMMA = YES;
				CLANG_WARN_CONSTANT_CONVERSION = YES;
				CLANG_WARN_DEPRECATED_OBJC_IMPLEMENTATIONS = YES;
				CLANG_WARN_DIRECT_OBJC_ISA_USAGE = YES_ERROR;
				CLANG_WARN_DOCUMENTATION_COMMENTS = YES;
				CLANG_WARN_EMPTY_BODY = YES;
				CLANG_WARN_ENUM_CONVERSION = YES;
				CLANG_WARN_INFINITE_RECURSION = YES;
				CLANG_WARN_INT_CONVERSION = YES;
				CLANG_WARN_NON_LITERAL_NULL_CONVERSION = YES;
				CLANG_WARN_OBJC_IMPLICIT_RETAIN_SELF = YES;
				CLANG_WARN_OBJC_LITERAL_CONVERSION = YES;
				CLANG_WARN_OBJC_ROOT_CLASS = YES_ERROR;
				CLANG_WARN_QUOTED_INCLUDE_IN_FRAMEWORK_HEADER = YES;
				CLANG_WARN_RANGE_LOOP_ANALYSIS = YES;
				CLANG_WARN_STRICT_PROTOTYPES = YES;
				CLANG_WARN_SUSPICIOUS_MOVE = YES;
				CLANG_WARN_UNGUARDED_AVAILABILITY = YES_AGGRESSIVE;
				CLANG_WARN_UNREACHABLE_CODE = YES;
				CLANG_WARN__DUPLICATE_METHOD_MATCH = YES;
				COPY_PHASE_STRIP = NO;
				DEBUG_INFORMATION_FORMAT = dwarf;
				ENABLE_STRICT_OBJC_MSGSEND = YES;
				ENABLE_TESTABILITY = YES;
				GCC_C_LANGUAGE_STANDARD = gnu11;
				GCC_DYNAMIC_NO_PIC = NO;
				GCC_NO_COMMON_BLOCKS = YES;
				GCC_OPTIMIZATION_LEVEL = 0;
				GCC_PREPROCESSOR_DEFINITIONS = (
					"DEBUG=1",
					"$(inherited)",
				);
				GCC_WARN_64_TO_32_BIT_CONVERSION = YES;
				GCC_WARN_ABOUT_RETURN_TYPE = YES_ERROR;
				GCC_WARN_UNDECLARED_SELECTOR = YES;
				GCC_WARN_UNINITIALIZED_AUTOS = YES_AGGRESSIVE;
				GCC_WARN_UNUSED_FUNCTION = YES;
				GCC_WARN_UNUSED_VARIABLE = YES;
				IPHONEOS_DEPLOYMENT_TARGET = 16.4;
				MTL_ENABLE_DEBUG_INFO = INCLUDE_SOURCE;
				MTL_FAST_MATH = YES;
				ONLY_ACTIVE_ARCH = YES;
				SDKROOT = iphoneos;
				SWIFT_ACTIVE_COMPILATION_CONDITIONS = DEBUG;
				SWIFT_OPTIMIZATION_LEVEL = "-Onone";
			};
			name = Debug;
		};
		F27FCC732A8A1B1D0036DF31 /* Release */ = {
			isa = XCBuildConfiguration;
			buildSettings = {
				ALWAYS_SEARCH_USER_PATHS = NO;
				CLANG_ANALYZER_NONNULL = YES;
				CLANG_ANALYZER_NUMBER_OBJECT_CONVERSION = YES_AGGRESSIVE;
				CLANG_CXX_LANGUAGE_STANDARD = "gnu++20";
				CLANG_ENABLE_MODULES = YES;
				CLANG_ENABLE_OBJC_ARC = YES;
				CLANG_ENABLE_OBJC_WEAK = YES;
				CLANG_WARN_BLOCK_CAPTURE_AUTORELEASING = YES;
				CLANG_WARN_BOOL_CONVERSION = YES;
				CLANG_WARN_COMMA = YES;
				CLANG_WARN_CONSTANT_CONVERSION = YES;
				CLANG_WARN_DEPRECATED_OBJC_IMPLEMENTATIONS = YES;
				CLANG_WARN_DIRECT_OBJC_ISA_USAGE = YES_ERROR;
				CLANG_WARN_DOCUMENTATION_COMMENTS = YES;
				CLANG_WARN_EMPTY_BODY = YES;
				CLANG_WARN_ENUM_CONVERSION = YES;
				CLANG_WARN_INFINITE_RECURSION = YES;
				CLANG_WARN_INT_CONVERSION = YES;
				CLANG_WARN_NON_LITERAL_NULL_CONVERSION = YES;
				CLANG_WARN_OBJC_IMPLICIT_RETAIN_SELF = YES;
				CLANG_WARN_OBJC_LITERAL_CONVERSION = YES;
				CLANG_WARN_OBJC_ROOT_CLASS = YES_ERROR;
				CLANG_WARN_QUOTED_INCLUDE_IN_FRAMEWORK_HEADER = YES;
				CLANG_WARN_RANGE_LOOP_ANALYSIS = YES;
				CLANG_WARN_STRICT_PROTOTYPES = YES;
				CLANG_WARN_SUSPICIOUS_MOVE = YES;
				CLANG_WARN_UNGUARDED_AVAILABILITY = YES_AGGRESSIVE;
				CLANG_WARN_UNREACHABLE_CODE = YES;
				CLANG_WARN__DUPLICATE_METHOD_MATCH = YES;
				COPY_PHASE_STRIP = NO;
				DEBUG_INFORMATION_FORMAT = "dwarf-with-dsym";
				ENABLE_NS_ASSERTIONS = NO;
				ENABLE_STRICT_OBJC_MSGSEND = YES;
				GCC_C_LANGUAGE_STANDARD = gnu11;
				GCC_NO_COMMON_BLOCKS = YES;
				GCC_WARN_64_TO_32_BIT_CONVERSION = YES;
				GCC_WARN_ABOUT_RETURN_TYPE = YES_ERROR;
				GCC_WARN_UNDECLARED_SELECTOR = YES;
				GCC_WARN_UNINITIALIZED_AUTOS = YES_AGGRESSIVE;
				GCC_WARN_UNUSED_FUNCTION = YES;
				GCC_WARN_UNUSED_VARIABLE = YES;
				IPHONEOS_DEPLOYMENT_TARGET = 16.4;
				MTL_ENABLE_DEBUG_INFO = NO;
				MTL_FAST_MATH = YES;
				SDKROOT = iphoneos;
				SWIFT_COMPILATION_MODE = wholemodule;
				SWIFT_OPTIMIZATION_LEVEL = "-O";
				VALIDATE_PRODUCT = YES;
			};
			name = Release;
		};
		F27FCC752A8A1B1D0036DF31 /* Debug */ = {
			isa = XCBuildConfiguration;
			buildSettings = {
				ASSETCATALOG_COMPILER_APPICON_NAME = AppIcon;
				ASSETCATALOG_COMPILER_GLOBAL_ACCENT_COLOR_NAME = AccentColor;
				CODE_SIGN_STYLE = Automatic;
				CURRENT_PROJECT_VERSION = 1;
				DEVELOPMENT_ASSET_PATHS = "\"l6 p2/Preview Content\"";
				ENABLE_PREVIEWS = YES;
				GENERATE_INFOPLIST_FILE = YES;
				INFOPLIST_KEY_UIApplicationSceneManifest_Generation = YES;
				INFOPLIST_KEY_UIApplicationSupportsIndirectInputEvents = YES;
				INFOPLIST_KEY_UILaunchScreen_Generation = YES;
				INFOPLIST_KEY_UISupportedInterfaceOrientations_iPad = "UIInterfaceOrientationPortrait UIInterfaceOrientationPortraitUpsideDown UIInterfaceOrientationLandscapeLeft UIInterfaceOrientationLandscapeRight";
				INFOPLIST_KEY_UISupportedInterfaceOrientations_iPhone = "UIInterfaceOrientationPortrait UIInterfaceOrientationLandscapeLeft UIInterfaceOrientationLandscapeRight";
				LD_RUNPATH_SEARCH_PATHS = (
					"$(inherited)",
					"@executable_path/Frameworks",
				);
				MARKETING_VERSION = 1.0;
				PRODUCT_BUNDLE_IDENTIFIER = "testcode.l6-p2";
				PRODUCT_NAME = "$(TARGET_NAME)";
				SWIFT_EMIT_LOC_STRINGS = YES;
				SWIFT_VERSION = 5.0;
				TARGETED_DEVICE_FAMILY = "1,2";
			};
			name = Debug;
		};
		F27FCC762A8A1B1D0036DF31 /* Release */ = {
			isa = XCBuildConfiguration;
			buildSettings = {
				ASSETCATALOG_COMPILER_APPICON_NAME = AppIcon;
				ASSETCATALOG_COMPILER_GLOBAL_ACCENT_COLOR_NAME = AccentColor;
				CODE_SIGN_STYLE = Automatic;
				CURRENT_PROJECT_VERSION = 1;
				DEVELOPMENT_ASSET_PATHS = "\"l6 p2/Preview Content\"";
				ENABLE_PREVIEWS = YES;
				GENERATE_INFOPLIST_FILE = YES;
				INFOPLIST_KEY_UIApplicationSceneManifest_Generation = YES;
				INFOPLIST_KEY_UIApplicationSupportsIndirectInputEvents = YES;
				INFOPLIST_KEY_UILaunchScreen_Generation = YES;
				INFOPLIST_KEY_UISupportedInterfaceOrientations_iPad = "UIInterfaceOrientationPortrait UIInterfaceOrientationPortraitUpsideDown UIInterfaceOrientationLandscapeLeft UIInterfaceOrientationLandscapeRight";
				INFOPLIST_KEY_UISupportedInterfaceOrientations_iPhone = "UIInterfaceOrientationPortrait UIInterfaceOrientationLandscapeLeft UIInterfaceOrientationLandscapeRight";
				LD_RUNPATH_SEARCH_PATHS = (
					"$(inherited)",
					"@executable_path/Frameworks",
				);
				MARKETING_VERSION = 1.0;
				PRODUCT_BUNDLE_IDENTIFIER = "testcode.l6-p2";
				PRODUCT_NAME = "$(TARGET_NAME)";
				SWIFT_EMIT_LOC_STRINGS = YES;
				SWIFT_VERSION = 5.0;
				TARGETED_DEVICE_FAMILY = "1,2";
			};
			name = Release;
		};
		F27FCC782A8A1B1D0036DF31 /* Debug */ = {
			isa = XCBuildConfiguration;
			buildSettings = {
				ALWAYS_EMBED_SWIFT_STANDARD_LIBRARIES = YES;
				BUNDLE_LOADER = "$(TEST_HOST)";
				CODE_SIGN_STYLE = Automatic;
				CURRENT_PROJECT_VERSION = 1;
				GENERATE_INFOPLIST_FILE = YES;
				IPHONEOS_DEPLOYMENT_TARGET = 16.4;
				MARKETING_VERSION = 1.0;
				PRODUCT_BUNDLE_IDENTIFIER = "testcode.l6-p2Tests";
				PRODUCT_NAME = "$(TARGET_NAME)";
				SWIFT_EMIT_LOC_STRINGS = NO;
				SWIFT_VERSION = 5.0;
				TARGETED_DEVICE_FAMILY = "1,2";
				TEST_HOST = "$(BUILT_PRODUCTS_DIR)/l6 p2.app/$(BUNDLE_EXECUTABLE_FOLDER_PATH)/l6 p2";
			};
			name = Debug;
		};
		F27FCC792A8A1B1D0036DF31 /* Release */ = {
			isa = XCBuildConfiguration;
			buildSettings = {
				ALWAYS_EMBED_SWIFT_STANDARD_LIBRARIES = YES;
				BUNDLE_LOADER = "$(TEST_HOST)";
				CODE_SIGN_STYLE = Automatic;
				CURRENT_PROJECT_VERSION = 1;
				GENERATE_INFOPLIST_FILE = YES;
				IPHONEOS_DEPLOYMENT_TARGET = 16.4;
				MARKETING_VERSION = 1.0;
				PRODUCT_BUNDLE_IDENTIFIER = "testcode.l6-p2Tests";
				PRODUCT_NAME = "$(TARGET_NAME)";
				SWIFT_EMIT_LOC_STRINGS = NO;
				SWIFT_VERSION = 5.0;
				TARGETED_DEVICE_FAMILY = "1,2";
				TEST_HOST = "$(BUILT_PRODUCTS_DIR)/l6 p2.app/$(BUNDLE_EXECUTABLE_FOLDER_PATH)/l6 p2";
			};
			name = Release;
		};
		F27FCC7B2A8A1B1D0036DF31 /* Debug */ = {
			isa = XCBuildConfiguration;
			buildSettings = {
				ALWAYS_EMBED_SWIFT_STANDARD_LIBRARIES = YES;
				CODE_SIGN_STYLE = Automatic;
				CURRENT_PROJECT_VERSION = 1;
				GENERATE_INFOPLIST_FILE = YES;
				MARKETING_VERSION = 1.0;
				PRODUCT_BUNDLE_IDENTIFIER = "testcode.l6-p2UITests";
				PRODUCT_NAME = "$(TARGET_NAME)";
				SWIFT_EMIT_LOC_STRINGS = NO;
				SWIFT_VERSION = 5.0;
				TARGETED_DEVICE_FAMILY = "1,2";
				TEST_TARGET_NAME = "l6 p2";
			};
			name = Debug;
		};
		F27FCC7C2A8A1B1D0036DF31 /* Release */ = {
			isa = XCBuildConfiguration;
			buildSettings = {
				ALWAYS_EMBED_SWIFT_STANDARD_LIBRARIES = YES;
				CODE_SIGN_STYLE = Automatic;
				CURRENT_PROJECT_VERSION = 1;
				GENERATE_INFOPLIST_FILE = YES;
				MARKETING_VERSION = 1.0;
				PRODUCT_BUNDLE_IDENTIFIER = "testcode.l6-p2UITests";
				PRODUCT_NAME = "$(TARGET_NAME)";
				SWIFT_EMIT_LOC_STRINGS = NO;
				SWIFT_VERSION = 5.0;
				TARGETED_DEVICE_FAMILY = "1,2";
				TEST_TARGET_NAME = "l6 p2";
			};
			name = Release;
		};
/* End XCBuildConfiguration section */

/* Begin XCConfigurationList section */
		F27FCC4B2A8A1B1A0036DF31 /* Build configuration list for PBXProject "l6 p2" */ = {
			isa = XCConfigurationList;
			buildConfigurations = (
				F27FCC722A8A1B1D0036DF31 /* Debug */,
				F27FCC732A8A1B1D0036DF31 /* Release */,
			);
			defaultConfigurationIsVisible = 0;
			defaultConfigurationName = Release;
		};
		F27FCC742A8A1B1D0036DF31 /* Build configuration list for PBXNativeTarget "l6 p2" */ = {
			isa = XCConfigurationList;
			buildConfigurations = (
				F27FCC752A8A1B1D0036DF31 /* Debug */,
				F27FCC762A8A1B1D0036DF31 /* Release */,
			);
			defaultConfigurationIsVisible = 0;
			defaultConfigurationName = Release;
		};
		F27FCC772A8A1B1D0036DF31 /* Build configuration list for PBXNativeTarget "l6 p2Tests" */ = {
			isa = XCConfigurationList;
			buildConfigurations = (
				F27FCC782A8A1B1D0036DF31 /* Debug */,
				F27FCC792A8A1B1D0036DF31 /* Release */,
			);
			defaultConfigurationIsVisible = 0;
			defaultConfigurationName = Release;
		};
		F27FCC7A2A8A1B1D0036DF31 /* Build configuration list for PBXNativeTarget "l6 p2UITests" */ = {
			isa = XCConfigurationList;
			buildConfigurations = (
				F27FCC7B2A8A1B1D0036DF31 /* Debug */,
				F27FCC7C2A8A1B1D0036DF31 /* Release */,
			);
			defaultConfigurationIsVisible = 0;
			defaultConfigurationName = Release;
		};
/* End XCConfigurationList section */
	};
	rootObject = F27FCC482A8A1B1A0036DF31 /* Project object */;
}
